<?xml version="1.0" encoding="utf-8"?>
<Project ToolsVersion="4.0" xmlns="http://schemas.microsoft.com/developer/msbuild/2003">
  <ItemGroup>
    <Filter Include="Ressourcendateien">
      <UniqueIdentifier>{67DA6AB6-F800-4c08-8B7A-83BB121AAD01}</UniqueIdentifier>
      <Extensions>rc;ico;cur;bmp;dlg;rc2;rct;bin;rgs;gif;jpg;jpeg;jpe;resx;tiff;tif;png;wav;mfcribbon-ms</Extensions>
    </Filter>
    <Filter Include="GraphicsEngine">
      <UniqueIdentifier>{d206e04b-aacf-4f2f-8567-071e6e4d4e1b}</UniqueIdentifier>
    </Filter>
    <Filter Include="UserInterface">
      <UniqueIdentifier>{1c571f51-1c92-4ab5-aab6-d1ab7500e007}</UniqueIdentifier>
    </Filter>
    <Filter Include="UserInterface\Header">
      <UniqueIdentifier>{98aca407-fa80-463a-89a0-175797682f0c}</UniqueIdentifier>
    </Filter>
    <Filter Include="UserInterface\Source">
      <UniqueIdentifier>{63a03da1-5fd2-4d57-bb56-9f53de0e67e3}</UniqueIdentifier>
    </Filter>
    <Filter Include="GraphicsEngine\dxerr">
      <UniqueIdentifier>{68fa15a3-c681-4481-b783-ac5c035a975c}</UniqueIdentifier>
    </Filter>
    <Filter Include="Rest">
      <UniqueIdentifier>{4fb37a5d-46d3-4657-b335-6115744b766f}</UniqueIdentifier>
    </Filter>
    <Filter Include="Rest\Header">
      <UniqueIdentifier>{2e86062a-2c44-46aa-be13-297525f1dd93}</UniqueIdentifier>
    </Filter>
    <Filter Include="Rest\Source">
      <UniqueIdentifier>{f5af1200-251e-4b59-97d9-00a2ba21dd09}</UniqueIdentifier>
    </Filter>
    <Filter Include="Objects">
      <UniqueIdentifier>{dab7af07-5710-4f2c-b23b-e27ecaac6f30}</UniqueIdentifier>
    </Filter>
    <Filter Include="Objects\Header">
      <UniqueIdentifier>{e2a49e22-8d80-48f1-91cd-14f0f1bc8bd4}</UniqueIdentifier>
    </Filter>
    <Filter Include="Objects\Source">
      <UniqueIdentifier>{93b0696b-3047-44f0-b569-ca00167db4a0}</UniqueIdentifier>
    </Filter>
    <Filter Include="GraphicsEngine\Shaders">
      <UniqueIdentifier>{48e7d257-92c5-418e-916f-e089325afd2d}</UniqueIdentifier>
    </Filter>
    <Filter Include="GraphicsEngine\Resources">
      <UniqueIdentifier>{40079cc4-8ff7-47a3-b566-f4dd125c90b9}</UniqueIdentifier>
    </Filter>
    <Filter Include="Objects\Components">
      <UniqueIdentifier>{bcf06691-0c2e-47d0-8f93-15ae1cb0d942}</UniqueIdentifier>
    </Filter>
    <Filter Include="Objects\Components\Header">
      <UniqueIdentifier>{4161fd9d-2e23-46a0-bf21-fc4ecd01ed2f}</UniqueIdentifier>
    </Filter>
    <Filter Include="Objects\Components\Source">
      <UniqueIdentifier>{e970c881-e372-43a4-86c9-9c8dcf5a556a}</UniqueIdentifier>
    </Filter>
    <Filter Include="GraphicsEngine\Buffers">
      <UniqueIdentifier>{32a198c5-283a-4430-bd64-6132b42af357}</UniqueIdentifier>
    </Filter>
    <Filter Include="GraphicsEngine\Buffers\Header">
      <UniqueIdentifier>{9f4bc229-e502-4b56-985b-99e2e6ad6260}</UniqueIdentifier>
    </Filter>
    <Filter Include="GraphicsEngine\Buffers\Source">
      <UniqueIdentifier>{2ae48be7-3d9b-47d3-ad9d-2d2417ab7457}</UniqueIdentifier>
    </Filter>
    <Filter Include="GraphicsEngine\Interfaces">
      <UniqueIdentifier>{65c25815-9e0b-4bf8-8c7b-25e8d7d17f9b}</UniqueIdentifier>
    </Filter>
    <Filter Include="GraphicsEngine\Interfaces\Header">
      <UniqueIdentifier>{4dcffdc2-6a98-4280-85b4-19d735a8ab69}</UniqueIdentifier>
    </Filter>
    <Filter Include="GraphicsEngine\Interfaces\Source">
      <UniqueIdentifier>{56e4f97a-94cf-4346-adbb-3c6fb3b669c9}</UniqueIdentifier>
    </Filter>
    <Filter Include="GraphicsEngine\StateController">
      <UniqueIdentifier>{650955be-73dc-42fa-b97c-cc1e6ff653ef}</UniqueIdentifier>
    </Filter>
    <Filter Include="GraphicsEngine\StateController\Header">
      <UniqueIdentifier>{5f772bee-a754-4c25-a78e-0f8a08bdf678}</UniqueIdentifier>
    </Filter>
    <Filter Include="GraphicsEngine\StateController\Source">
      <UniqueIdentifier>{125e7c91-13ae-4e8b-a46f-299a3b134f6f}</UniqueIdentifier>
    </Filter>
    <Filter Include="ObjectFileReader">
      <UniqueIdentifier>{9d148e6b-ce16-4230-8ced-29e8db71f946}</UniqueIdentifier>
    </Filter>
    <Filter Include="ObjectFileReader\Header">
      <UniqueIdentifier>{732cd25d-7158-4ca8-81d2-49c303425562}</UniqueIdentifier>
    </Filter>
    <Filter Include="ObjectFileReader\Source">
      <UniqueIdentifier>{0071374d-fa80-4a8a-85f5-b259ad62f88b}</UniqueIdentifier>
    </Filter>
  </ItemGroup>
  <ItemGroup>
    <ClCompile Include="Keyboard.cpp">
      <Filter>UserInterface\Source</Filter>
    </ClCompile>
    <ClCompile Include="Mouse.cpp">
      <Filter>UserInterface\Source</Filter>
    </ClCompile>
    <ClCompile Include="Window.cpp">
      <Filter>UserInterface\Source</Filter>
    </ClCompile>
    <ClCompile Include="dxerr.cpp">
      <Filter>GraphicsEngine\dxerr</Filter>
    </ClCompile>
    <ClCompile Include="App.cpp">
      <Filter>Rest\Source</Filter>
    </ClCompile>
    <ClCompile Include="CustomException.cpp">
      <Filter>Rest\Source</Filter>
    </ClCompile>
    <ClCompile Include="Object.cpp">
      <Filter>Objects\Source</Filter>
    </ClCompile>
    <ClCompile Include="Cube.cpp">
      <Filter>Objects\Source</Filter>
    </ClCompile>
    <ClCompile Include="h3wd.cpp">
      <Filter>Rest\Source</Filter>
    </ClCompile>
    <ClCompile Include="Camera.cpp">
      <Filter>Objects\Source</Filter>
    </ClCompile>
    <ClCompile Include="Pyramid.cpp">
      <Filter>Objects\Source</Filter>
    </ClCompile>
    <ClCompile Include="Time.cpp">
      <Filter>Rest\Source</Filter>
    </ClCompile>
    <ClCompile Include="Transform.cpp">
      <Filter>Objects\Components\Source</Filter>
    </ClCompile>
    <ClCompile Include="Material.cpp">
      <Filter>Objects\Components\Source</Filter>
    </ClCompile>
    <ClCompile Include="Component.cpp">
      <Filter>Objects\Components\Source</Filter>
    </ClCompile>
    <ClCompile Include="Empty.cpp">
      <Filter>Objects\Source</Filter>
    </ClCompile>
    <ClCompile Include="GFXExc.cpp">
      <Filter>GraphicsEngine\dxerr</Filter>
    </ClCompile>
    <ClCompile Include="VSConstBuffer.cpp">
      <Filter>GraphicsEngine\Buffers\Source</Filter>
    </ClCompile>
    <ClCompile Include="VertexBuffer.cpp">
      <Filter>GraphicsEngine\Buffers\Source</Filter>
    </ClCompile>
    <ClCompile Include="PSConstBuffer.cpp">
      <Filter>GraphicsEngine\Buffers\Source</Filter>
    </ClCompile>
    <ClCompile Include="IndexBuffer.cpp">
      <Filter>GraphicsEngine\Buffers\Source</Filter>
    </ClCompile>
    <ClCompile Include="ConstBuffer.cpp">
      <Filter>GraphicsEngine\Buffers\Source</Filter>
    </ClCompile>
    <ClCompile Include="Bindable.cpp">
      <Filter>GraphicsEngine\Interfaces\Source</Filter>
    </ClCompile>
    <ClCompile Include="BindableResource.cpp">
      <Filter>GraphicsEngine\Interfaces\Source</Filter>
    </ClCompile>
    <ClCompile Include="FileResource.cpp">
      <Filter>GraphicsEngine\Interfaces\Source</Filter>
    </ClCompile>
    <ClCompile Include="Graphics.cpp">
      <Filter>GraphicsEngine\Interfaces\Source</Filter>
    </ClCompile>
    <ClCompile Include="GraphicsInterface.cpp">
      <Filter>GraphicsEngine\Interfaces\Source</Filter>
    </ClCompile>
    <ClCompile Include="PipelineInterface.cpp">
      <Filter>GraphicsEngine\Interfaces\Source</Filter>
    </ClCompile>
    <ClCompile Include="WICTextureLoader.cpp">
      <Filter>GraphicsEngine\StateController\Source</Filter>
    </ClCompile>
    <ClCompile Include="VertexShader.cpp">
      <Filter>GraphicsEngine\StateController\Source</Filter>
    </ClCompile>
    <ClCompile Include="UpdateController.cpp">
      <Filter>GraphicsEngine\StateController\Source</Filter>
    </ClCompile>
    <ClCompile Include="Texture2D.cpp">
      <Filter>GraphicsEngine\StateController\Source</Filter>
    </ClCompile>
    <ClCompile Include="ShaderStateController.cpp">
      <Filter>GraphicsEngine\StateController\Source</Filter>
    </ClCompile>
    <ClCompile Include="PixelShader.cpp">
      <Filter>GraphicsEngine\StateController\Source</Filter>
    </ClCompile>
    <ClCompile Include="Light.cpp">
      <Filter>Objects\Components\Source</Filter>
    </ClCompile>
    <ClCompile Include="FileReader.cpp">
      <Filter>ObjectFileReader\Source</Filter>
    </ClCompile>
    <ClCompile Include="MeshFile.cpp">
      <Filter>ObjectFileReader\Source</Filter>
    </ClCompile>
    <ClCompile Include="FileReaderException.cpp">
      <Filter>ObjectFileReader\Source</Filter>
    </ClCompile>
    <ClCompile Include="Mesh.cpp">
      <Filter>Objects\Source</Filter>
    </ClCompile>
  </ItemGroup>
  <ItemGroup>
    <ClInclude Include="Window.h">
      <Filter>UserInterface\Header</Filter>
    </ClInclude>
    <ClInclude Include="Mouse.h">
      <Filter>UserInterface\Header</Filter>
    </ClInclude>
    <ClInclude Include="Keyboard.h">
      <Filter>UserInterface\Header</Filter>
    </ClInclude>
    <ClInclude Include="dxerr.h">
      <Filter>GraphicsEngine\dxerr</Filter>
    </ClInclude>
    <ClInclude Include="CustomException.h">
      <Filter>Rest\Header</Filter>
    </ClInclude>
    <ClInclude Include="App.h">
      <Filter>Rest\Header</Filter>
    </ClInclude>
    <ClInclude Include="Object.h">
      <Filter>Objects\Header</Filter>
    </ClInclude>
    <ClInclude Include="Cube.h">
      <Filter>Objects\Header</Filter>
    </ClInclude>
    <ClInclude Include="Camera.h">
      <Filter>Objects\Header</Filter>
    </ClInclude>
    <ClInclude Include="Vertex.h">
      <Filter>Objects\Header</Filter>
    </ClInclude>
    <ClInclude Include="Pyramid.h">
      <Filter>Objects\Header</Filter>
    </ClInclude>
    <ClInclude Include="Time.h">
      <Filter>Rest\Header</Filter>
    </ClInclude>
    <ClInclude Include="Transform.h">
      <Filter>Objects\Components\Header</Filter>
    </ClInclude>
    <ClInclude Include="Material.h">
      <Filter>Objects\Components\Header</Filter>
    </ClInclude>
    <ClInclude Include="Component.h">
      <Filter>Objects\Components\Header</Filter>
    </ClInclude>
    <ClInclude Include="ComponentStructs.h">
      <Filter>Objects\Components\Header</Filter>
    </ClInclude>
    <ClInclude Include="Empty.h">
      <Filter>Objects\Header</Filter>
    </ClInclude>
    <ClInclude Include="GFXExc.h">
      <Filter>GraphicsEngine\dxerr</Filter>
    </ClInclude>
    <ClInclude Include="VSConstBuffer.h">
      <Filter>GraphicsEngine\Buffers\Header</Filter>
    </ClInclude>
    <ClInclude Include="VertexBuffer.h">
      <Filter>GraphicsEngine\Buffers\Header</Filter>
    </ClInclude>
    <ClInclude Include="PSConstBuffer.h">
      <Filter>GraphicsEngine\Buffers\Header</Filter>
    </ClInclude>
    <ClInclude Include="IndexBuffer.h">
      <Filter>GraphicsEngine\Buffers\Header</Filter>
    </ClInclude>
    <ClInclude Include="ConstBuffer.h">
      <Filter>GraphicsEngine\Buffers\Header</Filter>
    </ClInclude>
    <ClInclude Include="GraphicsInterface.h">
      <Filter>GraphicsEngine\Interfaces\Header</Filter>
    </ClInclude>
    <ClInclude Include="PipelineInterface.h">
      <Filter>GraphicsEngine\Interfaces\Header</Filter>
    </ClInclude>
    <ClInclude Include="Bindable.h">
      <Filter>GraphicsEngine\Interfaces\Header</Filter>
    </ClInclude>
    <ClInclude Include="BindableResource.h">
      <Filter>GraphicsEngine\Interfaces\Header</Filter>
    </ClInclude>
    <ClInclude Include="FileResource.h">
      <Filter>GraphicsEngine\Interfaces\Header</Filter>
    </ClInclude>
    <ClInclude Include="Graphics.h">
      <Filter>GraphicsEngine\Interfaces\Header</Filter>
    </ClInclude>
    <ClInclude Include="WICTextureLoader.h">
      <Filter>Rest\Header</Filter>
    </ClInclude>
    <ClInclude Include="VertexShader.h">
      <Filter>GraphicsEngine\StateController\Header</Filter>
    </ClInclude>
    <ClInclude Include="UpdateController.h">
      <Filter>GraphicsEngine\StateController\Header</Filter>
    </ClInclude>
    <ClInclude Include="Texture2D.h">
      <Filter>GraphicsEngine\StateController\Header</Filter>
    </ClInclude>
    <ClInclude Include="ShaderStateController.h">
      <Filter>GraphicsEngine\StateController\Header</Filter>
    </ClInclude>
    <ClInclude Include="PixelShader.h">
      <Filter>GraphicsEngine\StateController\Header</Filter>
    </ClInclude>
    <ClInclude Include="Components.h">
      <Filter>Objects\Header</Filter>
    </ClInclude>
    <ClInclude Include="Light.h">
      <Filter>Objects\Components\Header</Filter>
    </ClInclude>
    <ClInclude Include="MeshFile.h">
      <Filter>ObjectFileReader\Header</Filter>
    </ClInclude>
    <ClInclude Include="FileReader.h">
      <Filter>ObjectFileReader\Header</Filter>
    </ClInclude>
    <ClInclude Include="Objects.h">
      <Filter>Objects\Header</Filter>
    </ClInclude>
    <ClInclude Include="FileReaderException.h">
      <Filter>ObjectFileReader\Header</Filter>
    </ClInclude>
    <ClInclude Include="Mesh.h">
      <Filter>Objects\Header</Filter>
    </ClInclude>
  </ItemGroup>
  <ItemGroup>
    <FxCompile Include="VertexShader.hlsl">
      <Filter>GraphicsEngine\Shaders</Filter>
    </FxCompile>
    <FxCompile Include="PixelShader.hlsl">
      <Filter>GraphicsEngine\Shaders</Filter>
    </FxCompile>
    <FxCompile Include="defaultVS.hlsl">
      <Filter>GraphicsEngine\Shaders</Filter>
    </FxCompile>
    <FxCompile Include="defaultPS.hlsl">
      <Filter>GraphicsEngine\Shaders</Filter>
    </FxCompile>
    <FxCompile Include="NormalShader.hlsl">
      <Filter>GraphicsEngine\Shaders</Filter>
    </FxCompile>
  </ItemGroup>
  <ItemGroup>
    <None Include="DXGetErrorDescription.inl">
      <Filter>GraphicsEngine\dxerr</Filter>
    </None>
    <None Include="DXGetErrorString.inl">
      <Filter>GraphicsEngine\dxerr</Filter>
    </None>
    <None Include="DXTrace.inl">
      <Filter>GraphicsEngine\dxerr</Filter>
    </None>
  </ItemGroup>
  <ItemGroup>
    <Image Include="Kappa.jpg">
      <Filter>GraphicsEngine\Resources</Filter>
    </Image>
    <Image Include="cock.jpg">
      <Filter>GraphicsEngine\Resources</Filter>
    </Image>
    <Image Include="eye.jpg">
      <Filter>GraphicsEngine\Resources</Filter>
    </Image>
    <Image Include="defaultTX.jpg">
      <Filter>GraphicsEngine\Resources</Filter>
    </Image>
  </ItemGroup>
  <ItemGroup>
    <Text Include="test.txt">
      <Filter>UserInterface</Filter>
    </Text>
  </ItemGroup>
</Project>