<?xml version="1.0" encoding="utf-8"?>
<Project ToolsVersion="4.0" xmlns="http://schemas.microsoft.com/developer/msbuild/2003">
  <ItemGroup>
    <Filter Include="Quelldateien">
      <UniqueIdentifier>{4FC737F1-C7A5-4376-A066-2A32D752A2FF}</UniqueIdentifier>
      <Extensions>cpp;c;cc;cxx;def;odl;idl;hpj;bat;asm;asmx</Extensions>
    </Filter>
    <Filter Include="Headerdateien">
      <UniqueIdentifier>{93995380-89BD-4b04-88EB-625FBE52EBFB}</UniqueIdentifier>
      <Extensions>h;hh;hpp;hxx;hm;inl;inc;ipp;xsd</Extensions>
    </Filter>
    <Filter Include="Ressourcendateien">
      <UniqueIdentifier>{67DA6AB6-F800-4c08-8B7A-83BB121AAD01}</UniqueIdentifier>
      <Extensions>rc;ico;cur;bmp;dlg;rc2;rct;bin;rgs;gif;jpg;jpeg;jpe;resx;tiff;tif;png;wav;mfcribbon-ms</Extensions>
    </Filter>
    <Filter Include="Shaders">
      <UniqueIdentifier>{48e7d257-92c5-418e-916f-e089325afd2d}</UniqueIdentifier>
    </Filter>
    <Filter Include="GraphicsEngine">
      <UniqueIdentifier>{d206e04b-aacf-4f2f-8567-071e6e4d4e1b}</UniqueIdentifier>
    </Filter>
    <Filter Include="UserInterface">
      <UniqueIdentifier>{1c571f51-1c92-4ab5-aab6-d1ab7500e007}</UniqueIdentifier>
    </Filter>
    <Filter Include="UserInterface\Header">
      <UniqueIdentifier>{98aca407-fa80-463a-89a0-175797682f0c}</UniqueIdentifier>
    </Filter>
    <Filter Include="UserInterface\Source">
      <UniqueIdentifier>{63a03da1-5fd2-4d57-bb56-9f53de0e67e3}</UniqueIdentifier>
    </Filter>
    <Filter Include="GraphicsEngine\dxerr">
      <UniqueIdentifier>{68fa15a3-c681-4481-b783-ac5c035a975c}</UniqueIdentifier>
    </Filter>
    <Filter Include="GraphicsEngine\Header">
      <UniqueIdentifier>{6dbdce56-0f10-451a-ad79-fbb96128ca66}</UniqueIdentifier>
    </Filter>
    <Filter Include="GraphicsEngine\Source">
      <UniqueIdentifier>{29f0aa90-0e71-4491-9026-dbebd2d232dc}</UniqueIdentifier>
    </Filter>
  </ItemGroup>
  <ItemGroup>
    <ClCompile Include="h3wd.cpp">
      <Filter>Quelldateien</Filter>
    </ClCompile>
    <ClCompile Include="CustomException.cpp">
      <Filter>Quelldateien</Filter>
    </ClCompile>
    <ClCompile Include="App.cpp">
      <Filter>Quelldateien</Filter>
    </ClCompile>
    <ClCompile Include="Keyboard.cpp">
      <Filter>UserInterface\Source</Filter>
    </ClCompile>
    <ClCompile Include="Mouse.cpp">
      <Filter>UserInterface\Source</Filter>
    </ClCompile>
    <ClCompile Include="Window.cpp">
      <Filter>UserInterface\Source</Filter>
    </ClCompile>
    <ClCompile Include="dxerr.cpp">
      <Filter>GraphicsEngine\dxerr</Filter>
    </ClCompile>
    <ClCompile Include="Graphics.cpp">
      <Filter>GraphicsEngine\Source</Filter>
    </ClCompile>
  </ItemGroup>
  <ItemGroup>
    <ClInclude Include="CustomException.h">
      <Filter>Headerdateien</Filter>
    </ClInclude>
    <ClInclude Include="App.h">
      <Filter>Headerdateien</Filter>
    </ClInclude>
    <ClInclude Include="Window.h">
      <Filter>UserInterface\Header</Filter>
    </ClInclude>
    <ClInclude Include="Mouse.h">
      <Filter>UserInterface\Header</Filter>
    </ClInclude>
    <ClInclude Include="Keyboard.h">
      <Filter>UserInterface\Header</Filter>
    </ClInclude>
    <ClInclude Include="dxerr.h">
      <Filter>GraphicsEngine\dxerr</Filter>
    </ClInclude>
    <ClInclude Include="Vertex.h">
      <Filter>GraphicsEngine\Header</Filter>
    </ClInclude>
    <ClInclude Include="Graphics.h">
      <Filter>GraphicsEngine\Header</Filter>
    </ClInclude>
  </ItemGroup>
  <ItemGroup>
    <FxCompile Include="VertexShader.hlsl">
      <Filter>Shaders</Filter>
    </FxCompile>
    <FxCompile Include="PixelShader.hlsl">
      <Filter>Shaders</Filter>
    </FxCompile>
  </ItemGroup>
  <ItemGroup>
    <None Include="DXGetErrorDescription.inl">
      <Filter>GraphicsEngine\dxerr</Filter>
    </None>
    <None Include="DXGetErrorString.inl">
      <Filter>GraphicsEngine\dxerr</Filter>
    </None>
    <None Include="DXTrace.inl">
      <Filter>GraphicsEngine\dxerr</Filter>
    </None>
  </ItemGroup>
</Project>