<?xml version="1.0" encoding="utf-8"?>
<Project ToolsVersion="4.0" xmlns="http://schemas.microsoft.com/developer/msbuild/2003">
  <ItemGroup>
    <Filter Include="Quelldateien">
      <UniqueIdentifier>{4FC737F1-C7A5-4376-A066-2A32D752A2FF}</UniqueIdentifier>
      <Extensions>cpp;c;cc;cxx;def;odl;idl;hpj;bat;asm;asmx</Extensions>
    </Filter>
    <Filter Include="Headerdateien">
      <UniqueIdentifier>{93995380-89BD-4b04-88EB-625FBE52EBFB}</UniqueIdentifier>
      <Extensions>h;hh;hpp;hxx;hm;inl;inc;ipp;xsd</Extensions>
    </Filter>
    <Filter Include="Ressourcendateien">
      <UniqueIdentifier>{67DA6AB6-F800-4c08-8B7A-83BB121AAD01}</UniqueIdentifier>
      <Extensions>rc;ico;cur;bmp;dlg;rc2;rct;bin;rgs;gif;jpg;jpeg;jpe;resx;tiff;tif;png;wav;mfcribbon-ms</Extensions>
    </Filter>
    <Filter Include="Shaders">
      <UniqueIdentifier>{48e7d257-92c5-418e-916f-e089325afd2d}</UniqueIdentifier>
    </Filter>
    <Filter Include="UserInterface">
      <UniqueIdentifier>{abaab20e-f68a-4c5e-9313-7bb19f9006d2}</UniqueIdentifier>
    </Filter>
    <Filter Include="UserInterface\Header">
      <UniqueIdentifier>{13dbbe43-2532-46a5-b572-bcacdae56b27}</UniqueIdentifier>
    </Filter>
    <Filter Include="UserInterface\Source">
      <UniqueIdentifier>{8ffa230c-fd79-4612-bce3-35c6f5b47a4c}</UniqueIdentifier>
    </Filter>
    <Filter Include="GraphicsEngine">
      <UniqueIdentifier>{546ad944-d28b-4b31-8138-d47c1523926e}</UniqueIdentifier>
    </Filter>
    <Filter Include="GraphicsEngine\Header">
      <UniqueIdentifier>{9c1e61ac-95c1-4e03-82c3-9ac2cf4b3fd2}</UniqueIdentifier>
    </Filter>
    <Filter Include="GraphicsEngine\Source">
      <UniqueIdentifier>{63bd6868-139b-4a5b-a038-536f2112876f}</UniqueIdentifier>
    </Filter>
    <Filter Include="GraphicsEngine\dxerr">
      <UniqueIdentifier>{7e569571-7480-4323-a2e4-4f3dae1e3e5d}</UniqueIdentifier>
    </Filter>
  </ItemGroup>
  <ItemGroup>
    <ClCompile Include="h3wd.cpp">
      <Filter>Quelldateien</Filter>
    </ClCompile>
    <ClCompile Include="App.cpp">
      <Filter>Quelldateien</Filter>
    </ClCompile>
    <ClCompile Include="Window.cpp">
      <Filter>UserInterface\Source</Filter>
    </ClCompile>
    <ClCompile Include="Mouse.cpp">
      <Filter>UserInterface\Source</Filter>
    </ClCompile>
    <ClCompile Include="CustomException.cpp">
      <Filter>GraphicsEngine</Filter>
    </ClCompile>
    <ClCompile Include="dxerr.cpp">
      <Filter>GraphicsEngine\dxerr</Filter>
    </ClCompile>
    <ClCompile Include="Keyboard.cpp">
      <Filter>UserInterface\Source</Filter>
    </ClCompile>
    <ClCompile Include="Graphics.cpp">
      <Filter>GraphicsEngine\Source</Filter>
    </ClCompile>
  </ItemGroup>
  <ItemGroup>
    <ClInclude Include="CustomException.h">
      <Filter>Headerdateien</Filter>
    </ClInclude>
    <ClInclude Include="App.h">
      <Filter>Headerdateien</Filter>
    </ClInclude>
    <ClInclude Include="Mouse.h">
      <Filter>UserInterface\Header</Filter>
    </ClInclude>
    <ClInclude Include="Keyboard.h">
      <Filter>UserInterface\Header</Filter>
    </ClInclude>
    <ClInclude Include="Window.h">
      <Filter>UserInterface\Header</Filter>
    </ClInclude>
    <ClInclude Include="dxerr.h">
      <Filter>GraphicsEngine\dxerr</Filter>
    </ClInclude>
    <ClInclude Include="Graphics.h">
      <Filter>GraphicsEngine\Header</Filter>
    </ClInclude>
    <ClInclude Include="Vertex.h">
      <Filter>GraphicsEngine\Header</Filter>
    </ClInclude>
  </ItemGroup>
  <ItemGroup>
    <FxCompile Include="VertexShader.hlsl">
      <Filter>Shaders</Filter>
    </FxCompile>
    <FxCompile Include="PixelShader.hlsl">
      <Filter>Shaders</Filter>
    </FxCompile>
  </ItemGroup>
  <ItemGroup>
    <None Include="DXTrace.inl">
      <Filter>GraphicsEngine\dxerr</Filter>
    </None>
    <None Include="DXGetErrorString.inl">
      <Filter>GraphicsEngine\dxerr</Filter>
    </None>
    <None Include="DXGetErrorDescription.inl">
      <Filter>GraphicsEngine\dxerr</Filter>
    </None>
  </ItemGroup>
</Project>